
Microsoft Visual Studio Solution File, Format Version 12.00
# Visual Studio Version 17
VisualStudioVersion = 17.2.32526.322
MinimumVisualStudioVersion = 10.0.40219.1
Project("{FAE04EC0-301F-11D3-BF4B-00C04F79EFBC}") = "Aglaia", "Aglaia\Aglaia.csproj", "{6217FC4F-906A-4BC9-A1B6-EC7D2FF787D1}"
EndProject
Project("{FAE04EC0-301F-11D3-BF4B-00C04F79EFBC}") = "IlluView", "IlluView\IlluView.csproj", "{19527BF2-2109-4356-AD00-1083FE068726}"
EndProject
Project("{54435603-DBB4-11D2-8724-00A0C9A8B90C}") = "Setup", "Setup\Setup.vdproj", "{FABFE9E6-5A39-4EC9-97D9-534DB7E98D17}"
EndProject
Global
	GlobalSection(SolutionConfigurationPlatforms) = preSolution
		Debug|Any CPU = Debug|Any CPU
		Release|Any CPU = Release|Any CPU
	EndGlobalSection
	GlobalSection(ProjectConfigurationPlatforms) = postSolution
		{6217FC4F-906A-4BC9-A1B6-EC7D2FF787D1}.Debug|Any CPU.ActiveCfg = Debug|Any CPU
		{6217FC4F-906A-4BC9-A1B6-EC7D2FF787D1}.Debug|Any CPU.Build.0 = Debug|Any CPU
		{6217FC4F-906A-4BC9-A1B6-EC7D2FF787D1}.Release|Any CPU.ActiveCfg = Release|Any CPU
		{6217FC4F-906A-4BC9-A1B6-EC7D2FF787D1}.Release|Any CPU.Build.0 = Release|Any CPU
		{19527BF2-2109-4356-AD00-1083FE068726}.Debug|Any CPU.ActiveCfg = Debug|Any CPU
		{19527BF2-2109-4356-AD00-1083FE068726}.Debug|Any CPU.Build.0 = Debug|Any CPU
		{19527BF2-2109-4356-AD00-1083FE068726}.Release|Any CPU.ActiveCfg = Release|Any CPU
		{19527BF2-2109-4356-AD00-1083FE068726}.Release|Any CPU.Build.0 = Release|Any CPU
		{FABFE9E6-5A39-4EC9-97D9-534DB7E98D17}.Debug|Any CPU.ActiveCfg = Debug
		{FABFE9E6-5A39-4EC9-97D9-534DB7E98D17}.Debug|Any CPU.Build.0 = Debug
		{FABFE9E6-5A39-4EC9-97D9-534DB7E98D17}.Release|Any CPU.ActiveCfg = Release
		{FABFE9E6-5A39-4EC9-97D9-534DB7E98D17}.Release|Any CPU.Build.0 = Release
	EndGlobalSection
	GlobalSection(SolutionProperties) = preSolution
		HideSolutionNode = FALSE
	EndGlobalSection
	GlobalSection(ExtensibilityGlobals) = postSolution
		SolutionGuid = {58D609E6-FD30-4CEE-AD77-2628BF615307}
	EndGlobalSection
EndGlobal
